// !$*UTF8*$!
{
	archiveVersion = 1;
	classes = {
	};
	objectVersion = 46;
	objects = {

/* Begin PBXBuildFile section */
		1516E3976225467BBC63A4D8 /* libPods.a in Frameworks */ = {isa = PBXBuildFile; fileRef = 33BCE22A507F426AA9B696EC /* libPods.a */; };
		1CA501D4189FA09C00C1810D /* InfoURLMapper.m in Sources */ = {isa = PBXBuildFile; fileRef = 1CA501D3189FA09C00C1810D /* InfoURLMapper.m */; };
		1CA6B4BF18A4BB9D0072EE8D /* CircleView.m in Sources */ = {isa = PBXBuildFile; fileRef = 1CA6B4BC18A4BB9D0072EE8D /* CircleView.m */; };
		1CA6B4C018A4BB9D0072EE8D /* EGORefreshTableHeaderView.m in Sources */ = {isa = PBXBuildFile; fileRef = 1CA6B4BE18A4BB9D0072EE8D /* EGORefreshTableHeaderView.m */; };
		1CA6B4C518A4BF690072EE8D /* RefreshableViewController.m in Sources */ = {isa = PBXBuildFile; fileRef = 1CA6B4C418A4BF690072EE8D /* RefreshableViewController.m */; };
		1CA6B4D618A4E9DA0072EE8D /* MJRefresh.bundle in Resources */ = {isa = PBXBuildFile; fileRef = 1CA6B4CC18A4E9DA0072EE8D /* MJRefresh.bundle */; };
		1CA6B4D718A4E9DA0072EE8D /* MJRefreshBaseView.m in Sources */ = {isa = PBXBuildFile; fileRef = 1CA6B4CF18A4E9DA0072EE8D /* MJRefreshBaseView.m */; };
		1CA6B4D818A4E9DA0072EE8D /* MJRefreshConst.m in Sources */ = {isa = PBXBuildFile; fileRef = 1CA6B4D118A4E9DA0072EE8D /* MJRefreshConst.m */; };
		1CA6B4D918A4E9DA0072EE8D /* MJRefreshFooterView.m in Sources */ = {isa = PBXBuildFile; fileRef = 1CA6B4D318A4E9DA0072EE8D /* MJRefreshFooterView.m */; };
		1CA6B4DA18A4E9DA0072EE8D /* MJRefreshHeaderView.m in Sources */ = {isa = PBXBuildFile; fileRef = 1CA6B4D518A4E9DA0072EE8D /* MJRefreshHeaderView.m */; };
		1CA6CD4C189A0A5300BC8045 /* Foundation.framework in Frameworks */ = {isa = PBXBuildFile; fileRef = 1CA6CD4B189A0A5300BC8045 /* Foundation.framework */; };
		1CA6CD4E189A0A5300BC8045 /* CoreGraphics.framework in Frameworks */ = {isa = PBXBuildFile; fileRef = 1CA6CD4D189A0A5300BC8045 /* CoreGraphics.framework */; };
		1CA6CD50189A0A5300BC8045 /* UIKit.framework in Frameworks */ = {isa = PBXBuildFile; fileRef = 1CA6CD4F189A0A5300BC8045 /* UIKit.framework */; };
		1CA6CD56189A0A5300BC8045 /* InfoPlist.strings in Resources */ = {isa = PBXBuildFile; fileRef = 1CA6CD54189A0A5300BC8045 /* InfoPlist.strings */; };
		1CA6CD58189A0A5300BC8045 /* main.m in Sources */ = {isa = PBXBuildFile; fileRef = 1CA6CD57189A0A5300BC8045 /* main.m */; };
		1CA6CD5C189A0A5300BC8045 /* AppDelegate.m in Sources */ = {isa = PBXBuildFile; fileRef = 1CA6CD5B189A0A5300BC8045 /* AppDelegate.m */; };
		1CA6CD5F189A0A5300BC8045 /* Main_iPhone.storyboard in Resources */ = {isa = PBXBuildFile; fileRef = 1CA6CD5D189A0A5300BC8045 /* Main_iPhone.storyboard */; };
		1CA6CD62189A0A5300BC8045 /* Main_iPad.storyboard in Resources */ = {isa = PBXBuildFile; fileRef = 1CA6CD60189A0A5300BC8045 /* Main_iPad.storyboard */; };
		1CA6CD65189A0A5300BC8045 /* HomeViewController.m in Sources */ = {isa = PBXBuildFile; fileRef = 1CA6CD64189A0A5300BC8045 /* HomeViewController.m */; };
		1CA6CD67189A0A5300BC8045 /* Images.xcassets in Resources */ = {isa = PBXBuildFile; fileRef = 1CA6CD66189A0A5300BC8045 /* Images.xcassets */; };
		1CA6CD6E189A0A5300BC8045 /* XCTest.framework in Frameworks */ = {isa = PBXBuildFile; fileRef = 1CA6CD6D189A0A5300BC8045 /* XCTest.framework */; };
		1CA6CD6F189A0A5300BC8045 /* Foundation.framework in Frameworks */ = {isa = PBXBuildFile; fileRef = 1CA6CD4B189A0A5300BC8045 /* Foundation.framework */; };
		1CA6CD70189A0A5300BC8045 /* UIKit.framework in Frameworks */ = {isa = PBXBuildFile; fileRef = 1CA6CD4F189A0A5300BC8045 /* UIKit.framework */; };
		1CA704EB18AB08930054FCE2 /* AUIAutoGrowingTextView.m in Sources */ = {isa = PBXBuildFile; fileRef = 1CA704EA18AB08930054FCE2 /* AUIAutoGrowingTextView.m */; };
		1CA704ED18AB2E2F0054FCE2 /* sidebar_bg@2x.jpg in Resources */ = {isa = PBXBuildFile; fileRef = 1CA704EC18AB2E2F0054FCE2 /* sidebar_bg@2x.jpg */; };
		1CA704F118AB2E700054FCE2 /* TWTSideMenuViewController.m in Sources */ = {isa = PBXBuildFile; fileRef = 1CA704F018AB2E700054FCE2 /* TWTSideMenuViewController.m */; };
		1CA704F518AB5E170054FCE2 /* FirstFloorContentCell.m in Sources */ = {isa = PBXBuildFile; fileRef = 1CA704F418AB5E170054FCE2 /* FirstFloorContentCell.m */; };
		1CAE479618A321DB004F9EDC /* DefaultBoards.plist in Resources */ = {isa = PBXBuildFile; fileRef = 1CAE479518A321DB004F9EDC /* DefaultBoards.plist */; };
		1CAE479918A32723004F9EDC /* Comment.m in Sources */ = {isa = PBXBuildFile; fileRef = 1CAE479818A32723004F9EDC /* Comment.m */; };
		1CAE479C18A32724004F9EDC /* Article.m in Sources */ = {isa = PBXBuildFile; fileRef = 1CAE479B18A32724004F9EDC /* Article.m */; };
		1CAE479F18A32724004F9EDC /* Board.m in Sources */ = {isa = PBXBuildFile; fileRef = 1CAE479E18A32724004F9EDC /* Board.m */; };
		8940B84B18AA46140035A228 /* ContentCell.m in Sources */ = {isa = PBXBuildFile; fileRef = 8940B84A18AA46140035A228 /* ContentCell.m */; };
		896A2C0B18A3C376006BBB6A /* ArticleViewController.m in Sources */ = {isa = PBXBuildFile; fileRef = 896A2C0A18A3C376006BBB6A /* ArticleViewController.m */; };
		89926D8F189FD55F007BB20D /* HTMLParser.m in Sources */ = {isa = PBXBuildFile; fileRef = 89926D8E189FD55F007BB20D /* HTMLParser.m */; };
		89E95127189E069C00CB822B /* FlickTabButton.m in Sources */ = {isa = PBXBuildFile; fileRef = 89E9511F189E069C00CB822B /* FlickTabButton.m */; settings = {COMPILER_FLAGS = "-fno-objc-arc"; }; };
		89E95129189E069C00CB822B /* FlickTabView.m in Sources */ = {isa = PBXBuildFile; fileRef = 89E95124189E069C00CB822B /* FlickTabView.m */; settings = {COMPILER_FLAGS = "-fno-objc-arc"; }; };
		89E9512F189E56A900CB822B /* BoardViewController.m in Sources */ = {isa = PBXBuildFile; fileRef = 89E9512E189E56A900CB822B /* BoardViewController.m */; };
		89E95132189E637700CB822B /* ArticleTitleCell.m in Sources */ = {isa = PBXBuildFile; fileRef = 89E95131189E637700CB822B /* ArticleTitleCell.m */; };
		89E95143189E746E00CB822B /* DataManager.m in Sources */ = {isa = PBXBuildFile; fileRef = 89E9513A189E746E00CB822B /* DataManager.m */; };
		89E95145189E746E00CB822B /* NSManagedObject+JSON.m in Sources */ = {isa = PBXBuildFile; fileRef = 89E9513E189E746E00CB822B /* NSManagedObject+JSON.m */; };
		89E9514F189E869800CB822B /* BBSData.xcdatamodeld in Sources */ = {isa = PBXBuildFile; fileRef = 89E9514D189E869800CB822B /* BBSData.xcdatamodeld */; };
		89E9515F189E8D1200CB822B /* ServiceClient.m in Sources */ = {isa = PBXBuildFile; fileRef = 89E9515C189E8D1200CB822B /* ServiceClient.m */; };
		89F8392318AF3B2F0076C0E0 /* NSString+Date.m in Sources */ = {isa = PBXBuildFile; fileRef = 89F8392218AF3B2F0076C0E0 /* NSString+Date.m */; };
		89F8392E18AF3C200076C0E0 /* NSString+Encode.m in Sources */ = {isa = PBXBuildFile; fileRef = 89F8392A18AF3C200076C0E0 /* NSString+Encode.m */; };
		89F8392F18AF3C200076C0E0 /* NSData+Encode.m in Sources */ = {isa = PBXBuildFile; fileRef = 89F8392C18AF3C200076C0E0 /* NSData+Encode.m */; };
/* End PBXBuildFile section */

/* Begin PBXContainerItemProxy section */
		1CA6CD71189A0A5300BC8045 /* PBXContainerItemProxy */ = {
			isa = PBXContainerItemProxy;
			containerPortal = 1CA6CD40189A0A5300BC8045 /* Project object */;
			proxyType = 1;
			remoteGlobalIDString = 1CA6CD47189A0A5300BC8045;
			remoteInfo = Ipoint3acres;
		};
/* End PBXContainerItemProxy section */

/* Begin PBXFileReference section */
		04035B949A344430AFC41000 /* Pods.xcconfig */ = {isa = PBXFileReference; includeInIndex = 1; lastKnownFileType = text.xcconfig; name = Pods.xcconfig; path = Pods/Pods.xcconfig; sourceTree = "<group>"; };
		1CA501D2189FA09C00C1810D /* InfoURLMapper.h */ = {isa = PBXFileReference; fileEncoding = 4; lastKnownFileType = sourcecode.c.h; path = InfoURLMapper.h; sourceTree = "<group>"; };
		1CA501D3189FA09C00C1810D /* InfoURLMapper.m */ = {isa = PBXFileReference; fileEncoding = 4; lastKnownFileType = sourcecode.c.objc; path = InfoURLMapper.m; sourceTree = "<group>"; };
		1CA6B4BB18A4BB9D0072EE8D /* CircleView.h */ = {isa = PBXFileReference; fileEncoding = 4; lastKnownFileType = sourcecode.c.h; path = CircleView.h; sourceTree = "<group>"; };
		1CA6B4BC18A4BB9D0072EE8D /* CircleView.m */ = {isa = PBXFileReference; fileEncoding = 4; lastKnownFileType = sourcecode.c.objc; path = CircleView.m; sourceTree = "<group>"; };
		1CA6B4BD18A4BB9D0072EE8D /* EGORefreshTableHeaderView.h */ = {isa = PBXFileReference; fileEncoding = 4; lastKnownFileType = sourcecode.c.h; path = EGORefreshTableHeaderView.h; sourceTree = "<group>"; };
		1CA6B4BE18A4BB9D0072EE8D /* EGORefreshTableHeaderView.m */ = {isa = PBXFileReference; fileEncoding = 4; lastKnownFileType = sourcecode.c.objc; path = EGORefreshTableHeaderView.m; sourceTree = "<group>"; };
		1CA6B4C318A4BF690072EE8D /* RefreshableViewController.h */ = {isa = PBXFileReference; fileEncoding = 4; lastKnownFileType = sourcecode.c.h; path = RefreshableViewController.h; sourceTree = "<group>"; };
		1CA6B4C418A4BF690072EE8D /* RefreshableViewController.m */ = {isa = PBXFileReference; fileEncoding = 4; lastKnownFileType = sourcecode.c.objc; path = RefreshableViewController.m; sourceTree = "<group>"; };
		1CA6B4CC18A4E9DA0072EE8D /* MJRefresh.bundle */ = {isa = PBXFileReference; lastKnownFileType = "wrapper.plug-in"; path = MJRefresh.bundle; sourceTree = "<group>"; };
		1CA6B4CD18A4E9DA0072EE8D /* MJRefresh.h */ = {isa = PBXFileReference; fileEncoding = 4; lastKnownFileType = sourcecode.c.h; path = MJRefresh.h; sourceTree = "<group>"; };
		1CA6B4CE18A4E9DA0072EE8D /* MJRefreshBaseView.h */ = {isa = PBXFileReference; fileEncoding = 4; lastKnownFileType = sourcecode.c.h; path = MJRefreshBaseView.h; sourceTree = "<group>"; };
		1CA6B4CF18A4E9DA0072EE8D /* MJRefreshBaseView.m */ = {isa = PBXFileReference; fileEncoding = 4; lastKnownFileType = sourcecode.c.objc; path = MJRefreshBaseView.m; sourceTree = "<group>"; };
		1CA6B4D018A4E9DA0072EE8D /* MJRefreshConst.h */ = {isa = PBXFileReference; fileEncoding = 4; lastKnownFileType = sourcecode.c.h; path = MJRefreshConst.h; sourceTree = "<group>"; };
		1CA6B4D118A4E9DA0072EE8D /* MJRefreshConst.m */ = {isa = PBXFileReference; fileEncoding = 4; lastKnownFileType = sourcecode.c.objc; path = MJRefreshConst.m; sourceTree = "<group>"; };
		1CA6B4D218A4E9DA0072EE8D /* MJRefreshFooterView.h */ = {isa = PBXFileReference; fileEncoding = 4; lastKnownFileType = sourcecode.c.h; path = MJRefreshFooterView.h; sourceTree = "<group>"; };
		1CA6B4D318A4E9DA0072EE8D /* MJRefreshFooterView.m */ = {isa = PBXFileReference; fileEncoding = 4; lastKnownFileType = sourcecode.c.objc; path = MJRefreshFooterView.m; sourceTree = "<group>"; };
		1CA6B4D418A4E9DA0072EE8D /* MJRefreshHeaderView.h */ = {isa = PBXFileReference; fileEncoding = 4; lastKnownFileType = sourcecode.c.h; path = MJRefreshHeaderView.h; sourceTree = "<group>"; };
		1CA6B4D518A4E9DA0072EE8D /* MJRefreshHeaderView.m */ = {isa = PBXFileReference; fileEncoding = 4; lastKnownFileType = sourcecode.c.objc; path = MJRefreshHeaderView.m; sourceTree = "<group>"; };
		1CA6CD48189A0A5300BC8045 /* Ipoint3acres.app */ = {isa = PBXFileReference; explicitFileType = wrapper.application; includeInIndex = 0; path = Ipoint3acres.app; sourceTree = BUILT_PRODUCTS_DIR; };
		1CA6CD4B189A0A5300BC8045 /* Foundation.framework */ = {isa = PBXFileReference; lastKnownFileType = wrapper.framework; name = Foundation.framework; path = System/Library/Frameworks/Foundation.framework; sourceTree = SDKROOT; };
		1CA6CD4D189A0A5300BC8045 /* CoreGraphics.framework */ = {isa = PBXFileReference; lastKnownFileType = wrapper.framework; name = CoreGraphics.framework; path = System/Library/Frameworks/CoreGraphics.framework; sourceTree = SDKROOT; };
		1CA6CD4F189A0A5300BC8045 /* UIKit.framework */ = {isa = PBXFileReference; lastKnownFileType = wrapper.framework; name = UIKit.framework; path = System/Library/Frameworks/UIKit.framework; sourceTree = SDKROOT; };
		1CA6CD53189A0A5300BC8045 /* Ipoint3acres-Info.plist */ = {isa = PBXFileReference; lastKnownFileType = text.plist.xml; path = "Ipoint3acres-Info.plist"; sourceTree = "<group>"; };
		1CA6CD55189A0A5300BC8045 /* en */ = {isa = PBXFileReference; lastKnownFileType = text.plist.strings; name = en; path = en.lproj/InfoPlist.strings; sourceTree = "<group>"; };
		1CA6CD57189A0A5300BC8045 /* main.m */ = {isa = PBXFileReference; lastKnownFileType = sourcecode.c.objc; path = main.m; sourceTree = "<group>"; };
		1CA6CD59189A0A5300BC8045 /* Ipoint3acres-Prefix.pch */ = {isa = PBXFileReference; lastKnownFileType = sourcecode.c.h; path = "Ipoint3acres-Prefix.pch"; sourceTree = "<group>"; };
		1CA6CD5A189A0A5300BC8045 /* AppDelegate.h */ = {isa = PBXFileReference; lastKnownFileType = sourcecode.c.h; path = AppDelegate.h; sourceTree = "<group>"; };
		1CA6CD5B189A0A5300BC8045 /* AppDelegate.m */ = {isa = PBXFileReference; lastKnownFileType = sourcecode.c.objc; path = AppDelegate.m; sourceTree = "<group>"; };
		1CA6CD5E189A0A5300BC8045 /* Base */ = {isa = PBXFileReference; lastKnownFileType = file.storyboard; name = Base; path = Base.lproj/Main_iPhone.storyboard; sourceTree = "<group>"; };
		1CA6CD61189A0A5300BC8045 /* Base */ = {isa = PBXFileReference; lastKnownFileType = file.storyboard; name = Base; path = Base.lproj/Main_iPad.storyboard; sourceTree = "<group>"; };
		1CA6CD63189A0A5300BC8045 /* HomeViewController.h */ = {isa = PBXFileReference; lastKnownFileType = sourcecode.c.h; path = HomeViewController.h; sourceTree = "<group>"; };
		1CA6CD64189A0A5300BC8045 /* HomeViewController.m */ = {isa = PBXFileReference; lastKnownFileType = sourcecode.c.objc; path = HomeViewController.m; sourceTree = "<group>"; };
		1CA6CD66189A0A5300BC8045 /* Images.xcassets */ = {isa = PBXFileReference; lastKnownFileType = folder.assetcatalog; path = Images.xcassets; sourceTree = "<group>"; };
		1CA6CD6C189A0A5300BC8045 /* Ipoint3acresTests.xctest */ = {isa = PBXFileReference; explicitFileType = wrapper.cfbundle; includeInIndex = 0; path = Ipoint3acresTests.xctest; sourceTree = BUILT_PRODUCTS_DIR; };
		1CA6CD6D189A0A5300BC8045 /* XCTest.framework */ = {isa = PBXFileReference; lastKnownFileType = wrapper.framework; name = XCTest.framework; path = Library/Frameworks/XCTest.framework; sourceTree = DEVELOPER_DIR; };
		1CA704E918AB08930054FCE2 /* AUIAutoGrowingTextView.h */ = {isa = PBXFileReference; fileEncoding = 4; lastKnownFileType = sourcecode.c.h; path = AUIAutoGrowingTextView.h; sourceTree = "<group>"; };
		1CA704EA18AB08930054FCE2 /* AUIAutoGrowingTextView.m */ = {isa = PBXFileReference; fileEncoding = 4; lastKnownFileType = sourcecode.c.objc; path = AUIAutoGrowingTextView.m; sourceTree = "<group>"; };
		1CA704EC18AB2E2F0054FCE2 /* sidebar_bg@2x.jpg */ = {isa = PBXFileReference; lastKnownFileType = image.jpeg; path = "sidebar_bg@2x.jpg"; sourceTree = "<group>"; };
		1CA704EF18AB2E700054FCE2 /* TWTSideMenuViewController.h */ = {isa = PBXFileReference; fileEncoding = 4; lastKnownFileType = sourcecode.c.h; path = TWTSideMenuViewController.h; sourceTree = "<group>"; };
		1CA704F018AB2E700054FCE2 /* TWTSideMenuViewController.m */ = {isa = PBXFileReference; fileEncoding = 4; lastKnownFileType = sourcecode.c.objc; path = TWTSideMenuViewController.m; sourceTree = "<group>"; };
		1CA704F318AB5E170054FCE2 /* FirstFloorContentCell.h */ = {isa = PBXFileReference; fileEncoding = 4; lastKnownFileType = sourcecode.c.h; path = FirstFloorContentCell.h; sourceTree = "<group>"; };
		1CA704F418AB5E170054FCE2 /* FirstFloorContentCell.m */ = {isa = PBXFileReference; fileEncoding = 4; lastKnownFileType = sourcecode.c.objc; path = FirstFloorContentCell.m; sourceTree = "<group>"; };
		1CAE479518A321DB004F9EDC /* DefaultBoards.plist */ = {isa = PBXFileReference; fileEncoding = 4; lastKnownFileType = text.plist.xml; path = DefaultBoards.plist; sourceTree = "<group>"; };
		1CAE479718A32723004F9EDC /* Comment.h */ = {isa = PBXFileReference; fileEncoding = 4; lastKnownFileType = sourcecode.c.h; path = Comment.h; sourceTree = "<group>"; };
		1CAE479818A32723004F9EDC /* Comment.m */ = {isa = PBXFileReference; fileEncoding = 4; lastKnownFileType = sourcecode.c.objc; path = Comment.m; sourceTree = "<group>"; };
		1CAE479A18A32724004F9EDC /* Article.h */ = {isa = PBXFileReference; fileEncoding = 4; lastKnownFileType = sourcecode.c.h; path = Article.h; sourceTree = "<group>"; };
		1CAE479B18A32724004F9EDC /* Article.m */ = {isa = PBXFileReference; fileEncoding = 4; lastKnownFileType = sourcecode.c.objc; path = Article.m; sourceTree = "<group>"; };
		1CAE479D18A32724004F9EDC /* Board.h */ = {isa = PBXFileReference; fileEncoding = 4; lastKnownFileType = sourcecode.c.h; path = Board.h; sourceTree = "<group>"; };
		1CAE479E18A32724004F9EDC /* Board.m */ = {isa = PBXFileReference; fileEncoding = 4; lastKnownFileType = sourcecode.c.objc; path = Board.m; sourceTree = "<group>"; };
		33BCE22A507F426AA9B696EC /* libPods.a */ = {isa = PBXFileReference; explicitFileType = archive.ar; includeInIndex = 0; path = libPods.a; sourceTree = BUILT_PRODUCTS_DIR; };
		8940B84918AA46140035A228 /* ContentCell.h */ = {isa = PBXFileReference; fileEncoding = 4; lastKnownFileType = sourcecode.c.h; path = ContentCell.h; sourceTree = "<group>"; };
		8940B84A18AA46140035A228 /* ContentCell.m */ = {isa = PBXFileReference; fileEncoding = 4; lastKnownFileType = sourcecode.c.objc; path = ContentCell.m; sourceTree = "<group>"; };
		896A2C0918A3C376006BBB6A /* ArticleViewController.h */ = {isa = PBXFileReference; fileEncoding = 4; lastKnownFileType = sourcecode.c.h; path = ArticleViewController.h; sourceTree = "<group>"; };
		896A2C0A18A3C376006BBB6A /* ArticleViewController.m */ = {isa = PBXFileReference; fileEncoding = 4; lastKnownFileType = sourcecode.c.objc; path = ArticleViewController.m; sourceTree = "<group>"; };
		89926D8A189FCD69007BB20D /* Models.h */ = {isa = PBXFileReference; fileEncoding = 4; lastKnownFileType = sourcecode.c.h; path = Models.h; sourceTree = "<group>"; };
		89926D8D189FD55F007BB20D /* HTMLParser.h */ = {isa = PBXFileReference; fileEncoding = 4; lastKnownFileType = sourcecode.c.h; path = HTMLParser.h; sourceTree = "<group>"; };
		89926D8E189FD55F007BB20D /* HTMLParser.m */ = {isa = PBXFileReference; fileEncoding = 4; lastKnownFileType = sourcecode.c.objc; path = HTMLParser.m; sourceTree = "<group>"; };
		89E9511E189E069C00CB822B /* FlickTabButton.h */ = {isa = PBXFileReference; fileEncoding = 4; lastKnownFileType = sourcecode.c.h; path = FlickTabButton.h; sourceTree = "<group>"; };
		89E9511F189E069C00CB822B /* FlickTabButton.m */ = {isa = PBXFileReference; fileEncoding = 4; lastKnownFileType = sourcecode.c.objc; path = FlickTabButton.m; sourceTree = "<group>"; };
		89E95123189E069C00CB822B /* FlickTabView.h */ = {isa = PBXFileReference; fileEncoding = 4; lastKnownFileType = sourcecode.c.h; path = FlickTabView.h; sourceTree = "<group>"; };
		89E95124189E069C00CB822B /* FlickTabView.m */ = {isa = PBXFileReference; fileEncoding = 4; lastKnownFileType = sourcecode.c.objc; path = FlickTabView.m; sourceTree = "<group>"; };
		89E9512C189E48D500CB822B /* Common.h */ = {isa = PBXFileReference; fileEncoding = 4; lastKnownFileType = sourcecode.c.h; path = Common.h; sourceTree = "<group>"; };
		89E9512D189E56A900CB822B /* BoardViewController.h */ = {isa = PBXFileReference; fileEncoding = 4; lastKnownFileType = sourcecode.c.h; path = BoardViewController.h; sourceTree = "<group>"; };
		89E9512E189E56A900CB822B /* BoardViewController.m */ = {isa = PBXFileReference; fileEncoding = 4; lastKnownFileType = sourcecode.c.objc; path = BoardViewController.m; sourceTree = "<group>"; };
		89E95130189E637700CB822B /* ArticleTitleCell.h */ = {isa = PBXFileReference; fileEncoding = 4; lastKnownFileType = sourcecode.c.h; path = ArticleTitleCell.h; sourceTree = "<group>"; };
		89E95131189E637700CB822B /* ArticleTitleCell.m */ = {isa = PBXFileReference; fileEncoding = 4; lastKnownFileType = sourcecode.c.objc; path = ArticleTitleCell.m; sourceTree = "<group>"; };
		89E95139189E746E00CB822B /* DataManager.h */ = {isa = PBXFileReference; fileEncoding = 4; lastKnownFileType = sourcecode.c.h; path = DataManager.h; sourceTree = "<group>"; };
		89E9513A189E746E00CB822B /* DataManager.m */ = {isa = PBXFileReference; fileEncoding = 4; lastKnownFileType = sourcecode.c.objc; path = DataManager.m; sourceTree = "<group>"; };
		89E9513D189E746E00CB822B /* NSManagedObject+JSON.h */ = {isa = PBXFileReference; fileEncoding = 4; lastKnownFileType = sourcecode.c.h; path = "NSManagedObject+JSON.h"; sourceTree = "<group>"; };
		89E9513E189E746E00CB822B /* NSManagedObject+JSON.m */ = {isa = PBXFileReference; fileEncoding = 4; lastKnownFileType = sourcecode.c.objc; path = "NSManagedObject+JSON.m"; sourceTree = "<group>"; };
		89E9514E189E869800CB822B /* BBSData.xcdatamodel */ = {isa = PBXFileReference; lastKnownFileType = wrapper.xcdatamodel; path = BBSData.xcdatamodel; sourceTree = "<group>"; };
		89E9515B189E8D1200CB822B /* ServiceClient.h */ = {isa = PBXFileReference; fileEncoding = 4; lastKnownFileType = sourcecode.c.h; path = ServiceClient.h; sourceTree = "<group>"; };
		89E9515C189E8D1200CB822B /* ServiceClient.m */ = {isa = PBXFileReference; fileEncoding = 4; lastKnownFileType = sourcecode.c.objc; path = ServiceClient.m; sourceTree = "<group>"; };
		89F8392118AF3B2F0076C0E0 /* NSString+Date.h */ = {isa = PBXFileReference; fileEncoding = 4; lastKnownFileType = sourcecode.c.h; path = "NSString+Date.h"; sourceTree = "<group>"; };
		89F8392218AF3B2F0076C0E0 /* NSString+Date.m */ = {isa = PBXFileReference; fileEncoding = 4; lastKnownFileType = sourcecode.c.objc; path = "NSString+Date.m"; sourceTree = "<group>"; };
		89F8392A18AF3C200076C0E0 /* NSString+Encode.m */ = {isa = PBXFileReference; fileEncoding = 4; lastKnownFileType = sourcecode.c.objc; path = "NSString+Encode.m"; sourceTree = "<group>"; };
		89F8392B18AF3C200076C0E0 /* NSString+Encode.h */ = {isa = PBXFileReference; fileEncoding = 4; lastKnownFileType = sourcecode.c.h; path = "NSString+Encode.h"; sourceTree = "<group>"; };
		89F8392C18AF3C200076C0E0 /* NSData+Encode.m */ = {isa = PBXFileReference; fileEncoding = 4; lastKnownFileType = sourcecode.c.objc; path = "NSData+Encode.m"; sourceTree = "<group>"; };
		89F8392D18AF3C200076C0E0 /* NSData+Encode.h */ = {isa = PBXFileReference; fileEncoding = 4; lastKnownFileType = sourcecode.c.h; path = "NSData+Encode.h"; sourceTree = "<group>"; };
/* End PBXFileReference section */

/* Begin PBXFrameworksBuildPhase section */
		1CA6CD45189A0A5300BC8045 /* Frameworks */ = {
			isa = PBXFrameworksBuildPhase;
			buildActionMask = 2147483647;
			files = (
				1CA6CD4E189A0A5300BC8045 /* CoreGraphics.framework in Frameworks */,
				1CA6CD50189A0A5300BC8045 /* UIKit.framework in Frameworks */,
				1CA6CD4C189A0A5300BC8045 /* Foundation.framework in Frameworks */,
				1516E3976225467BBC63A4D8 /* libPods.a in Frameworks */,
			);
			runOnlyForDeploymentPostprocessing = 0;
		};
		1CA6CD69189A0A5300BC8045 /* Frameworks */ = {
			isa = PBXFrameworksBuildPhase;
			buildActionMask = 2147483647;
			files = (
				1CA6CD6E189A0A5300BC8045 /* XCTest.framework in Frameworks */,
				1CA6CD70189A0A5300BC8045 /* UIKit.framework in Frameworks */,
				1CA6CD6F189A0A5300BC8045 /* Foundation.framework in Frameworks */,
			);
			runOnlyForDeploymentPostprocessing = 0;
		};
/* End PBXFrameworksBuildPhase section */

/* Begin PBXGroup section */
		1CA6B4BA18A4BB9D0072EE8D /* EGOPullRefresh */ = {
			isa = PBXGroup;
			children = (
				1CA6B4BB18A4BB9D0072EE8D /* CircleView.h */,
				1CA6B4BC18A4BB9D0072EE8D /* CircleView.m */,
				1CA6B4BD18A4BB9D0072EE8D /* EGORefreshTableHeaderView.h */,
				1CA6B4BE18A4BB9D0072EE8D /* EGORefreshTableHeaderView.m */,
			);
			path = EGOPullRefresh;
			sourceTree = "<group>";
		};
		1CA6B4C218A4BF010072EE8D /* Controllers */ = {
			isa = PBXGroup;
			children = (
				1CA6B4C318A4BF690072EE8D /* RefreshableViewController.h */,
				1CA6B4C418A4BF690072EE8D /* RefreshableViewController.m */,
				1CA6CD63189A0A5300BC8045 /* HomeViewController.h */,
				1CA6CD64189A0A5300BC8045 /* HomeViewController.m */,
				89E9512D189E56A900CB822B /* BoardViewController.h */,
				89E9512E189E56A900CB822B /* BoardViewController.m */,
				896A2C0918A3C376006BBB6A /* ArticleViewController.h */,
				896A2C0A18A3C376006BBB6A /* ArticleViewController.m */,
			);
			name = Controllers;
			sourceTree = "<group>";
		};
		1CA6B4CB18A4E9DA0072EE8D /* MJRefresh */ = {
			isa = PBXGroup;
			children = (
				1CA6B4CC18A4E9DA0072EE8D /* MJRefresh.bundle */,
				1CA6B4CD18A4E9DA0072EE8D /* MJRefresh.h */,
				1CA6B4CE18A4E9DA0072EE8D /* MJRefreshBaseView.h */,
				1CA6B4CF18A4E9DA0072EE8D /* MJRefreshBaseView.m */,
				1CA6B4D018A4E9DA0072EE8D /* MJRefreshConst.h */,
				1CA6B4D118A4E9DA0072EE8D /* MJRefreshConst.m */,
				1CA6B4D218A4E9DA0072EE8D /* MJRefreshFooterView.h */,
				1CA6B4D318A4E9DA0072EE8D /* MJRefreshFooterView.m */,
				1CA6B4D418A4E9DA0072EE8D /* MJRefreshHeaderView.h */,
				1CA6B4D518A4E9DA0072EE8D /* MJRefreshHeaderView.m */,
			);
			path = MJRefresh;
			sourceTree = "<group>";
		};
		1CA6CD3F189A0A5300BC8045 = {
			isa = PBXGroup;
			children = (
				1CA6CD51189A0A5300BC8045 /* Ipoint3acres */,
				1CA6CD4A189A0A5300BC8045 /* Frameworks */,
				1CA6CD49189A0A5300BC8045 /* Products */,
				04035B949A344430AFC41000 /* Pods.xcconfig */,
			);
			sourceTree = "<group>";
		};
		1CA6CD49189A0A5300BC8045 /* Products */ = {
			isa = PBXGroup;
			children = (
				1CA6CD48189A0A5300BC8045 /* Ipoint3acres.app */,
				1CA6CD6C189A0A5300BC8045 /* Ipoint3acresTests.xctest */,
			);
			name = Products;
			sourceTree = "<group>";
		};
		1CA6CD4A189A0A5300BC8045 /* Frameworks */ = {
			isa = PBXGroup;
			children = (
				1CA6CD4B189A0A5300BC8045 /* Foundation.framework */,
				1CA6CD4D189A0A5300BC8045 /* CoreGraphics.framework */,
				1CA6CD4F189A0A5300BC8045 /* UIKit.framework */,
				1CA6CD6D189A0A5300BC8045 /* XCTest.framework */,
				33BCE22A507F426AA9B696EC /* libPods.a */,
			);
			name = Frameworks;
			sourceTree = "<group>";
		};
		1CA6CD51189A0A5300BC8045 /* Ipoint3acres */ = {
			isa = PBXGroup;
			children = (
				1CA704F218AB2E8A0054FCE2 /* ThirdParties */,
				89F8392018AF3B0B0076C0E0 /* Utils */,
				89E95156189E8D1200CB822B /* Services */,
				89E95134189E746E00CB822B /* Models */,
				1CA6CD5A189A0A5300BC8045 /* AppDelegate.h */,
				1CA6CD5B189A0A5300BC8045 /* AppDelegate.m */,
				89E9512C189E48D500CB822B /* Common.h */,
				1CA6CD5D189A0A5300BC8045 /* Main_iPhone.storyboard */,
				1CA6CD60189A0A5300BC8045 /* Main_iPad.storyboard */,
				1CA6B4C218A4BF010072EE8D /* Controllers */,
				89E95130189E637700CB822B /* ArticleTitleCell.h */,
				89E95131189E637700CB822B /* ArticleTitleCell.m */,
				8940B84918AA46140035A228 /* ContentCell.h */,
				8940B84A18AA46140035A228 /* ContentCell.m */,
				1CA704F318AB5E170054FCE2 /* FirstFloorContentCell.h */,
				1CA704F418AB5E170054FCE2 /* FirstFloorContentCell.m */,
				1CA6CD66189A0A5300BC8045 /* Images.xcassets */,
				1CA6CD52189A0A5300BC8045 /* Supporting Files */,
			);
			path = Ipoint3acres;
			sourceTree = "<group>";
		};
		1CA6CD52189A0A5300BC8045 /* Supporting Files */ = {
			isa = PBXGroup;
			children = (
				1CA704EC18AB2E2F0054FCE2 /* sidebar_bg@2x.jpg */,
				1CA6CD53189A0A5300BC8045 /* Ipoint3acres-Info.plist */,
				1CA6CD54189A0A5300BC8045 /* InfoPlist.strings */,
				1CA6CD57189A0A5300BC8045 /* main.m */,
				1CA6CD59189A0A5300BC8045 /* Ipoint3acres-Prefix.pch */,
				1CAE479518A321DB004F9EDC /* DefaultBoards.plist */,
			);
			name = "Supporting Files";
			sourceTree = "<group>";
		};
		1CA704E818AB08930054FCE2 /* AutoGrowingTextView */ = {
			isa = PBXGroup;
			children = (
				1CA704E918AB08930054FCE2 /* AUIAutoGrowingTextView.h */,
				1CA704EA18AB08930054FCE2 /* AUIAutoGrowingTextView.m */,
			);
			path = AutoGrowingTextView;
			sourceTree = "<group>";
		};
		1CA704EE18AB2E700054FCE2 /* TWTSideMenuViewController */ = {
			isa = PBXGroup;
			children = (
				1CA704EF18AB2E700054FCE2 /* TWTSideMenuViewController.h */,
				1CA704F018AB2E700054FCE2 /* TWTSideMenuViewController.m */,
			);
			path = TWTSideMenuViewController;
			sourceTree = "<group>";
		};
		1CA704F218AB2E8A0054FCE2 /* ThirdParties */ = {
			isa = PBXGroup;
			children = (
				1CA704EE18AB2E700054FCE2 /* TWTSideMenuViewController */,
				1CA704E818AB08930054FCE2 /* AutoGrowingTextView */,
				1CA6B4CB18A4E9DA0072EE8D /* MJRefresh */,
				1CA6B4BA18A4BB9D0072EE8D /* EGOPullRefresh */,
				89E9511D189E069C00CB822B /* FlickTab */,
			);
			name = ThirdParties;
			sourceTree = "<group>";
		};
		89E9511D189E069C00CB822B /* FlickTab */ = {
			isa = PBXGroup;
			children = (
				89E9511E189E069C00CB822B /* FlickTabButton.h */,
				89E9511F189E069C00CB822B /* FlickTabButton.m */,
				89E95123189E069C00CB822B /* FlickTabView.h */,
				89E95124189E069C00CB822B /* FlickTabView.m */,
			);
			path = FlickTab;
			sourceTree = "<group>";
		};
		89E95134189E746E00CB822B /* Models */ = {
			isa = PBXGroup;
			children = (
				89E9514D189E869800CB822B /* BBSData.xcdatamodeld */,
				89E9513D189E746E00CB822B /* NSManagedObject+JSON.h */,
				89E9513E189E746E00CB822B /* NSManagedObject+JSON.m */,
				89926D8A189FCD69007BB20D /* Models.h */,
				89E95139189E746E00CB822B /* DataManager.h */,
				89E9513A189E746E00CB822B /* DataManager.m */,
				1CAE479D18A32724004F9EDC /* Board.h */,
				1CAE479E18A32724004F9EDC /* Board.m */,
				1CAE479A18A32724004F9EDC /* Article.h */,
				1CAE479B18A32724004F9EDC /* Article.m */,
				1CAE479718A32723004F9EDC /* Comment.h */,
				1CAE479818A32723004F9EDC /* Comment.m */,
			);
			path = Models;
			sourceTree = "<group>";
		};
		89E95156189E8D1200CB822B /* Services */ = {
			isa = PBXGroup;
			children = (
				89E9515B189E8D1200CB822B /* ServiceClient.h */,
				89E9515C189E8D1200CB822B /* ServiceClient.m */,
				1CA501D2189FA09C00C1810D /* InfoURLMapper.h */,
				1CA501D3189FA09C00C1810D /* InfoURLMapper.m */,
				89926D8D189FD55F007BB20D /* HTMLParser.h */,
				89926D8E189FD55F007BB20D /* HTMLParser.m */,
			);
			path = Services;
			sourceTree = "<group>";
		};
		89F8392018AF3B0B0076C0E0 /* Utils */ = {
			isa = PBXGroup;
			children = (
				89F8392D18AF3C200076C0E0 /* NSData+Encode.h */,
				89F8392C18AF3C200076C0E0 /* NSData+Encode.m */,
				89F8392B18AF3C200076C0E0 /* NSString+Encode.h */,
				89F8392A18AF3C200076C0E0 /* NSString+Encode.m */,
				89F8392118AF3B2F0076C0E0 /* NSString+Date.h */,
				89F8392218AF3B2F0076C0E0 /* NSString+Date.m */,
			);
			name = Utils;
			sourceTree = "<group>";
		};
/* End PBXGroup section */

/* Begin PBXNativeTarget section */
		1CA6CD47189A0A5300BC8045 /* Ipoint3acres */ = {
			isa = PBXNativeTarget;
			buildConfigurationList = 1CA6CD7D189A0A5300BC8045 /* Build configuration list for PBXNativeTarget "Ipoint3acres" */;
			buildPhases = (
				D214291428934586BC2472C4 /* Check Pods Manifest.lock */,
				1CA6CD44189A0A5300BC8045 /* Sources */,
				1CA6CD45189A0A5300BC8045 /* Frameworks */,
				1CA6CD46189A0A5300BC8045 /* Resources */,
				E280E42CAFDE425EB0CD2A0D /* Copy Pods Resources */,
			);
			buildRules = (
			);
			dependencies = (
			);
			name = Ipoint3acres;
			productName = Ipoint3acres;
			productReference = 1CA6CD48189A0A5300BC8045 /* Ipoint3acres.app */;
			productType = "com.apple.product-type.application";
		};
		1CA6CD6B189A0A5300BC8045 /* Ipoint3acresTests */ = {
			isa = PBXNativeTarget;
			buildConfigurationList = 1CA6CD80189A0A5300BC8045 /* Build configuration list for PBXNativeTarget "Ipoint3acresTests" */;
			buildPhases = (
				1CA6CD68189A0A5300BC8045 /* Sources */,
				1CA6CD69189A0A5300BC8045 /* Frameworks */,
				1CA6CD6A189A0A5300BC8045 /* Resources */,
			);
			buildRules = (
			);
			dependencies = (
				1CA6CD72189A0A5300BC8045 /* PBXTargetDependency */,
			);
			name = Ipoint3acresTests;
			productName = Ipoint3acresTests;
			productReference = 1CA6CD6C189A0A5300BC8045 /* Ipoint3acresTests.xctest */;
			productType = "com.apple.product-type.bundle.unit-test";
		};
/* End PBXNativeTarget section */

/* Begin PBXProject section */
		1CA6CD40189A0A5300BC8045 /* Project object */ = {
			isa = PBXProject;
			attributes = {
				LastUpgradeCheck = 0500;
				ORGANIZATIONNAME = Kickmogu;
				TargetAttributes = {
					1CA6CD6B189A0A5300BC8045 = {
						TestTargetID = 1CA6CD47189A0A5300BC8045;
					};
				};
			};
			buildConfigurationList = 1CA6CD43189A0A5300BC8045 /* Build configuration list for PBXProject "Ipoint3acres" */;
			compatibilityVersion = "Xcode 3.2";
			developmentRegion = English;
			hasScannedForEncodings = 0;
			knownRegions = (
				en,
				Base,
			);
			mainGroup = 1CA6CD3F189A0A5300BC8045;
			productRefGroup = 1CA6CD49189A0A5300BC8045 /* Products */;
			projectDirPath = "";
			projectRoot = "";
			targets = (
				1CA6CD47189A0A5300BC8045 /* Ipoint3acres */,
				1CA6CD6B189A0A5300BC8045 /* Ipoint3acresTests */,
			);
		};
/* End PBXProject section */

/* Begin PBXResourcesBuildPhase section */
		1CA6CD46189A0A5300BC8045 /* Resources */ = {
			isa = PBXResourcesBuildPhase;
			buildActionMask = 2147483647;
			files = (
				1CA6CD62189A0A5300BC8045 /* Main_iPad.storyboard in Resources */,
				1CA6CD67189A0A5300BC8045 /* Images.xcassets in Resources */,
				1CA704ED18AB2E2F0054FCE2 /* sidebar_bg@2x.jpg in Resources */,
				1CA6B4D618A4E9DA0072EE8D /* MJRefresh.bundle in Resources */,
				1CA6CD5F189A0A5300BC8045 /* Main_iPhone.storyboard in Resources */,
				1CA6CD56189A0A5300BC8045 /* InfoPlist.strings in Resources */,
				1CAE479618A321DB004F9EDC /* DefaultBoards.plist in Resources */,
			);
			runOnlyForDeploymentPostprocessing = 0;
		};
		1CA6CD6A189A0A5300BC8045 /* Resources */ = {
			isa = PBXResourcesBuildPhase;
			buildActionMask = 2147483647;
			files = (
			);
			runOnlyForDeploymentPostprocessing = 0;
		};
/* End PBXResourcesBuildPhase section */

/* Begin PBXShellScriptBuildPhase section */
		D214291428934586BC2472C4 /* Check Pods Manifest.lock */ = {
			isa = PBXShellScriptBuildPhase;
			buildActionMask = 2147483647;
			files = (
			);
			inputPaths = (
			);
			name = "Check Pods Manifest.lock";
			outputPaths = (
			);
			runOnlyForDeploymentPostprocessing = 0;
			shellPath = /bin/sh;
			shellScript = "diff \"${PODS_ROOT}/../Podfile.lock\" \"${PODS_ROOT}/Manifest.lock\" > /dev/null\nif [[ $? != 0 ]] ; then\n    cat << EOM\nerror: The sandbox is not in sync with the Podfile.lock. Run 'pod install' or update your CocoaPods installation.\nEOM\n    exit 1\nfi\n";
			showEnvVarsInLog = 0;
		};
		E280E42CAFDE425EB0CD2A0D /* Copy Pods Resources */ = {
			isa = PBXShellScriptBuildPhase;
			buildActionMask = 2147483647;
			files = (
			);
			inputPaths = (
			);
			name = "Copy Pods Resources";
			outputPaths = (
			);
			runOnlyForDeploymentPostprocessing = 0;
			shellPath = /bin/sh;
			shellScript = "\"${SRCROOT}/Pods/Pods-resources.sh\"\n";
			showEnvVarsInLog = 0;
		};
/* End PBXShellScriptBuildPhase section */

/* Begin PBXSourcesBuildPhase section */
		1CA6CD44189A0A5300BC8045 /* Sources */ = {
			isa = PBXSourcesBuildPhase;
			buildActionMask = 2147483647;
			files = (
				89E95143189E746E00CB822B /* DataManager.m in Sources */,
				89E95129189E069C00CB822B /* FlickTabView.m in Sources */,
				1CAE479918A32723004F9EDC /* Comment.m in Sources */,
				89E95145189E746E00CB822B /* NSManagedObject+JSON.m in Sources */,
				89F8392F18AF3C200076C0E0 /* NSData+Encode.m in Sources */,
				896A2C0B18A3C376006BBB6A /* ArticleViewController.m in Sources */,
				1CA6CD65189A0A5300BC8045 /* HomeViewController.m in Sources */,
				1CA6CD5C189A0A5300BC8045 /* AppDelegate.m in Sources */,
				89E9515F189E8D1200CB822B /* ServiceClient.m in Sources */,
				1CA6B4D818A4E9DA0072EE8D /* MJRefreshConst.m in Sources */,
				1CA6B4C518A4BF690072EE8D /* RefreshableViewController.m in Sources */,
				1CA501D4189FA09C00C1810D /* InfoURLMapper.m in Sources */,
				89F8392E18AF3C200076C0E0 /* NSString+Encode.m in Sources */,
				89E9512F189E56A900CB822B /* BoardViewController.m in Sources */,
				1CAE479C18A32724004F9EDC /* Article.m in Sources */,
				1CA6CD58189A0A5300BC8045 /* main.m in Sources */,
				1CA6B4C018A4BB9D0072EE8D /* EGORefreshTableHeaderView.m in Sources */,
				1CA704F518AB5E170054FCE2 /* FirstFloorContentCell.m in Sources */,
				1CA704EB18AB08930054FCE2 /* AUIAutoGrowingTextView.m in Sources */,
				89F8392318AF3B2F0076C0E0 /* NSString+Date.m in Sources */,
				89926D8F189FD55F007BB20D /* HTMLParser.m in Sources */,
				1CAE479F18A32724004F9EDC /* Board.m in Sources */,
				89E95127189E069C00CB822B /* FlickTabButton.m in Sources */,
				1CA704F118AB2E700054FCE2 /* TWTSideMenuViewController.m in Sources */,
				1CA6B4BF18A4BB9D0072EE8D /* CircleView.m in Sources */,
				1CA6B4D718A4E9DA0072EE8D /* MJRefreshBaseView.m in Sources */,
				1CA6B4D918A4E9DA0072EE8D /* MJRefreshFooterView.m in Sources */,
				89E95132189E637700CB822B /* ArticleTitleCell.m in Sources */,
				1CA6B4DA18A4E9DA0072EE8D /* MJRefreshHeaderView.m in Sources */,
				89E9514F189E869800CB822B /* BBSData.xcdatamodeld in Sources */,
				8940B84B18AA46140035A228 /* ContentCell.m in Sources */,
			);
			runOnlyForDeploymentPostprocessing = 0;
		};
		1CA6CD68189A0A5300BC8045 /* Sources */ = {
			isa = PBXSourcesBuildPhase;
			buildActionMask = 2147483647;
			files = (
			);
			runOnlyForDeploymentPostprocessing = 0;
		};
/* End PBXSourcesBuildPhase section */

/* Begin PBXTargetDependency section */
		1CA6CD72189A0A5300BC8045 /* PBXTargetDependency */ = {
			isa = PBXTargetDependency;
			target = 1CA6CD47189A0A5300BC8045 /* Ipoint3acres */;
			targetProxy = 1CA6CD71189A0A5300BC8045 /* PBXContainerItemProxy */;
		};
/* End PBXTargetDependency section */

/* Begin PBXVariantGroup section */
		1CA6CD54189A0A5300BC8045 /* InfoPlist.strings */ = {
			isa = PBXVariantGroup;
			children = (
				1CA6CD55189A0A5300BC8045 /* en */,
			);
			name = InfoPlist.strings;
			sourceTree = "<group>";
		};
		1CA6CD5D189A0A5300BC8045 /* Main_iPhone.storyboard */ = {
			isa = PBXVariantGroup;
			children = (
				1CA6CD5E189A0A5300BC8045 /* Base */,
			);
			name = Main_iPhone.storyboard;
			sourceTree = "<group>";
		};
		1CA6CD60189A0A5300BC8045 /* Main_iPad.storyboard */ = {
			isa = PBXVariantGroup;
			children = (
				1CA6CD61189A0A5300BC8045 /* Base */,
			);
			name = Main_iPad.storyboard;
			sourceTree = "<group>";
		};
/* End PBXVariantGroup section */

/* Begin XCBuildConfiguration section */
		1CA6CD7B189A0A5300BC8045 /* Debug */ = {
			isa = XCBuildConfiguration;
			buildSettings = {
				ALWAYS_SEARCH_USER_PATHS = NO;
				ARCHS = "$(ARCHS_STANDARD_INCLUDING_64_BIT)";
				CLANG_CXX_LANGUAGE_STANDARD = "gnu++0x";
				CLANG_CXX_LIBRARY = "libc++";
				CLANG_ENABLE_MODULES = YES;
				CLANG_ENABLE_OBJC_ARC = YES;
				CLANG_WARN_BOOL_CONVERSION = YES;
				CLANG_WARN_CONSTANT_CONVERSION = YES;
				CLANG_WARN_DIRECT_OBJC_ISA_USAGE = YES_ERROR;
				CLANG_WARN_EMPTY_BODY = YES;
				CLANG_WARN_ENUM_CONVERSION = YES;
				CLANG_WARN_INT_CONVERSION = YES;
				CLANG_WARN_OBJC_ROOT_CLASS = YES_ERROR;
				CLANG_WARN__DUPLICATE_METHOD_MATCH = YES;
				"CODE_SIGN_IDENTITY[sdk=iphoneos*]" = "iPhone Developer";
				COPY_PHASE_STRIP = NO;
				GCC_C_LANGUAGE_STANDARD = gnu99;
				GCC_DYNAMIC_NO_PIC = NO;
				GCC_OPTIMIZATION_LEVEL = 0;
				GCC_PREPROCESSOR_DEFINITIONS = (
					"DEBUG=1",
					"$(inherited)",
				);
				GCC_SYMBOLS_PRIVATE_EXTERN = NO;
				GCC_WARN_64_TO_32_BIT_CONVERSION = YES;
				GCC_WARN_ABOUT_RETURN_TYPE = YES_ERROR;
				GCC_WARN_UNDECLARED_SELECTOR = YES;
				GCC_WARN_UNINITIALIZED_AUTOS = YES;
				GCC_WARN_UNUSED_FUNCTION = YES;
				GCC_WARN_UNUSED_VARIABLE = YES;
				IPHONEOS_DEPLOYMENT_TARGET = 7.0;
				ONLY_ACTIVE_ARCH = YES;
				SDKROOT = iphoneos;
				TARGETED_DEVICE_FAMILY = "1,2";
			};
			name = Debug;
		};
		1CA6CD7C189A0A5300BC8045 /* Release */ = {
			isa = XCBuildConfiguration;
			buildSettings = {
				ALWAYS_SEARCH_USER_PATHS = NO;
				ARCHS = "$(ARCHS_STANDARD_INCLUDING_64_BIT)";
				CLANG_CXX_LANGUAGE_STANDARD = "gnu++0x";
				CLANG_CXX_LIBRARY = "libc++";
				CLANG_ENABLE_MODULES = YES;
				CLANG_ENABLE_OBJC_ARC = YES;
				CLANG_WARN_BOOL_CONVERSION = YES;
				CLANG_WARN_CONSTANT_CONVERSION = YES;
				CLANG_WARN_DIRECT_OBJC_ISA_USAGE = YES_ERROR;
				CLANG_WARN_EMPTY_BODY = YES;
				CLANG_WARN_ENUM_CONVERSION = YES;
				CLANG_WARN_INT_CONVERSION = YES;
				CLANG_WARN_OBJC_ROOT_CLASS = YES_ERROR;
				CLANG_WARN__DUPLICATE_METHOD_MATCH = YES;
				"CODE_SIGN_IDENTITY[sdk=iphoneos*]" = "iPhone Developer";
				COPY_PHASE_STRIP = YES;
				ENABLE_NS_ASSERTIONS = NO;
				GCC_C_LANGUAGE_STANDARD = gnu99;
				GCC_WARN_64_TO_32_BIT_CONVERSION = YES;
				GCC_WARN_ABOUT_RETURN_TYPE = YES_ERROR;
				GCC_WARN_UNDECLARED_SELECTOR = YES;
				GCC_WARN_UNINITIALIZED_AUTOS = YES;
				GCC_WARN_UNUSED_FUNCTION = YES;
				GCC_WARN_UNUSED_VARIABLE = YES;
				IPHONEOS_DEPLOYMENT_TARGET = 7.0;
				SDKROOT = iphoneos;
				TARGETED_DEVICE_FAMILY = "1,2";
				VALIDATE_PRODUCT = YES;
			};
			name = Release;
		};
		1CA6CD7E189A0A5300BC8045 /* Debug */ = {
			isa = XCBuildConfiguration;
			baseConfigurationReference = 04035B949A344430AFC41000 /* Pods.xcconfig */;
			buildSettings = {
				ASSETCATALOG_COMPILER_APPICON_NAME = AppIcon;
				ASSETCATALOG_COMPILER_LAUNCHIMAGE_NAME = LaunchImage;
				CODE_SIGN_IDENTITY = "iPhone Developer: SHI LEI (8W5UKYJH29)";
				GCC_PRECOMPILE_PREFIX_HEADER = YES;
				GCC_PREFIX_HEADER = "Ipoint3acres/Ipoint3acres-Prefix.pch";
				INFOPLIST_FILE = "Ipoint3acres/Ipoint3acres-Info.plist";
				IPHONEOS_DEPLOYMENT_TARGET = 6.0;
				PRODUCT_NAME = "$(TARGET_NAME)";
				PROVISIONING_PROFILE = "";
				WRAPPER_EXTENSION = app;
			};
			name = Debug;
		};
		1CA6CD7F189A0A5300BC8045 /* Release */ = {
			isa = XCBuildConfiguration;
			baseConfigurationReference = 04035B949A344430AFC41000 /* Pods.xcconfig */;
			buildSettings = {
				ASSETCATALOG_COMPILER_APPICON_NAME = AppIcon;
				ASSETCATALOG_COMPILER_LAUNCHIMAGE_NAME = LaunchImage;
				CODE_SIGN_IDENTITY = "iPhone Developer: SHI LEI (8W5UKYJH29)";
				GCC_PRECOMPILE_PREFIX_HEADER = YES;
				GCC_PREFIX_HEADER = "Ipoint3acres/Ipoint3acres-Prefix.pch";
				INFOPLIST_FILE = "Ipoint3acres/Ipoint3acres-Info.plist";
				IPHONEOS_DEPLOYMENT_TARGET = 6.0;
				PRODUCT_NAME = "$(TARGET_NAME)";
				PROVISIONING_PROFILE = "";
				WRAPPER_EXTENSION = app;
			};
			name = Release;
		};
		1CA6CD81189A0A5300BC8045 /* Debug */ = {
			isa = XCBuildConfiguration;
			buildSettings = {
				ARCHS = "$(ARCHS_STANDARD_INCLUDING_64_BIT)";
				BUNDLE_LOADER = "$(BUILT_PRODUCTS_DIR)/Ipoint3acres.app/Ipoint3acres";
				FRAMEWORK_SEARCH_PATHS = (
					"$(SDKROOT)/Developer/Library/Frameworks",
					"$(inherited)",
					"$(DEVELOPER_FRAMEWORKS_DIR)",
				);
				GCC_PRECOMPILE_PREFIX_HEADER = YES;
				GCC_PREFIX_HEADER = "Ipoint3acres/Ipoint3acres-Prefix.pch";
				GCC_PREPROCESSOR_DEFINITIONS = (
					"DEBUG=1",
					"$(inherited)",
				);
				INFOPLIST_FILE = "Ipoint3acresTests/Ipoint3acresTests-Info.plist";
				PRODUCT_NAME = "$(TARGET_NAME)";
				TEST_HOST = "$(BUNDLE_LOADER)";
				WRAPPER_EXTENSION = xctest;
			};
			name = Debug;
		};
		1CA6CD82189A0A5300BC8045 /* Release */ = {
			isa = XCBuildConfiguration;
			buildSettings = {
				ARCHS = "$(ARCHS_STANDARD_INCLUDING_64_BIT)";
				BUNDLE_LOADER = "$(BUILT_PRODUCTS_DIR)/Ipoint3acres.app/Ipoint3acres";
				FRAMEWORK_SEARCH_PATHS = (
					"$(SDKROOT)/Developer/Library/Frameworks",
					"$(inherited)",
					"$(DEVELOPER_FRAMEWORKS_DIR)",
				);
				GCC_PRECOMPILE_PREFIX_HEADER = YES;
				GCC_PREFIX_HEADER = "Ipoint3acres/Ipoint3acres-Prefix.pch";
				INFOPLIST_FILE = "Ipoint3acresTests/Ipoint3acresTests-Info.plist";
				PRODUCT_NAME = "$(TARGET_NAME)";
				TEST_HOST = "$(BUNDLE_LOADER)";
				WRAPPER_EXTENSION = xctest;
			};
			name = Release;
		};
/* End XCBuildConfiguration section */

/* Begin XCConfigurationList section */
		1CA6CD43189A0A5300BC8045 /* Build configuration list for PBXProject "Ipoint3acres" */ = {
			isa = XCConfigurationList;
			buildConfigurations = (
				1CA6CD7B189A0A5300BC8045 /* Debug */,
				1CA6CD7C189A0A5300BC8045 /* Release */,
			);
			defaultConfigurationIsVisible = 0;
			defaultConfigurationName = Release;
		};
		1CA6CD7D189A0A5300BC8045 /* Build configuration list for PBXNativeTarget "Ipoint3acres" */ = {
			isa = XCConfigurationList;
			buildConfigurations = (
				1CA6CD7E189A0A5300BC8045 /* Debug */,
				1CA6CD7F189A0A5300BC8045 /* Release */,
			);
			defaultConfigurationIsVisible = 0;
			defaultConfigurationName = Release;
		};
		1CA6CD80189A0A5300BC8045 /* Build configuration list for PBXNativeTarget "Ipoint3acresTests" */ = {
			isa = XCConfigurationList;
			buildConfigurations = (
				1CA6CD81189A0A5300BC8045 /* Debug */,
				1CA6CD82189A0A5300BC8045 /* Release */,
			);
			defaultConfigurationIsVisible = 0;
			defaultConfigurationName = Release;
		};
/* End XCConfigurationList section */

/* Begin XCVersionGroup section */
		89E9514D189E869800CB822B /* BBSData.xcdatamodeld */ = {
			isa = XCVersionGroup;
			children = (
				89E9514E189E869800CB822B /* BBSData.xcdatamodel */,
			);
			currentVersion = 89E9514E189E869800CB822B /* BBSData.xcdatamodel */;
			path = BBSData.xcdatamodeld;
			sourceTree = "<group>";
			versionGroupType = wrapper.xcdatamodel;
		};
/* End XCVersionGroup section */
	};
	rootObject = 1CA6CD40189A0A5300BC8045 /* Project object */;
}
